
Microsoft Visual Studio Solution File, Format Version 12.00
# Visual Studio Version 17
VisualStudioVersion = 17.5.33516.290
MinimumVisualStudioVersion = 10.0.40219.1
Project("{9A19103F-16F7-4668-BE54-9A1E7A4F7556}") = "ContactFormProcessor", "ContactFormProcessor\ContactFormProcessor.csproj", "{2049F630-CBB2-4DBA-A745-B90A68D72D78}"
EndProject
Project("{9A19103F-16F7-4668-BE54-9A1E7A4F7556}") = "Setup", "Setup\Setup.csproj", "{0C43E290-452E-4758-BF3E-F6040EB91791}"
EndProject
Project("{2150E333-8FDC-42A3-9474-1A3956D46DE8}") = "Solution Items", "Solution Items", "{D4EF0326-89C8-4C15-B1F5-02BFAD9F9E3C}"
	ProjectSection(SolutionItems) = preProject
		docker-compose.yml = docker-compose.yml
	EndProjectSection
EndProject
Project("{9A19103F-16F7-4668-BE54-9A1E7A4F7556}") = "ContactFormReader", "ContactFormReader\ContactFormReader.csproj", "{FD21BBD5-C0AB-42B0-A2D7-AC8E1FABDF38}"
EndProject
Global
	GlobalSection(SolutionConfigurationPlatforms) = preSolution
		Debug|Any CPU = Debug|Any CPU
		Release|Any CPU = Release|Any CPU
	EndGlobalSection
	GlobalSection(ProjectConfigurationPlatforms) = postSolution
		{2049F630-CBB2-4DBA-A745-B90A68D72D78}.Debug|Any CPU.ActiveCfg = Debug|Any CPU
		{2049F630-CBB2-4DBA-A745-B90A68D72D78}.Debug|Any CPU.Build.0 = Debug|Any CPU
		{2049F630-CBB2-4DBA-A745-B90A68D72D78}.Release|Any CPU.ActiveCfg = Release|Any CPU
		{2049F630-CBB2-4DBA-A745-B90A68D72D78}.Release|Any CPU.Build.0 = Release|Any CPU
		{0C43E290-452E-4758-BF3E-F6040EB91791}.Debug|Any CPU.ActiveCfg = Debug|Any CPU
		{0C43E290-452E-4758-BF3E-F6040EB91791}.Debug|Any CPU.Build.0 = Debug|Any CPU
		{0C43E290-452E-4758-BF3E-F6040EB91791}.Release|Any CPU.ActiveCfg = Release|Any CPU
		{0C43E290-452E-4758-BF3E-F6040EB91791}.Release|Any CPU.Build.0 = Release|Any CPU
		{FD21BBD5-C0AB-42B0-A2D7-AC8E1FABDF38}.Debug|Any CPU.ActiveCfg = Debug|Any CPU
		{FD21BBD5-C0AB-42B0-A2D7-AC8E1FABDF38}.Debug|Any CPU.Build.0 = Debug|Any CPU
		{FD21BBD5-C0AB-42B0-A2D7-AC8E1FABDF38}.Release|Any CPU.ActiveCfg = Release|Any CPU
		{FD21BBD5-C0AB-42B0-A2D7-AC8E1FABDF38}.Release|Any CPU.Build.0 = Release|Any CPU
	EndGlobalSection
	GlobalSection(SolutionProperties) = preSolution
		HideSolutionNode = FALSE
	EndGlobalSection
	GlobalSection(ExtensibilityGlobals) = postSolution
		SolutionGuid = {ACBC082D-D420-4BEC-9D43-08AD70E552A2}
	EndGlobalSection
EndGlobal
